
Microsoft Visual Studio Solution File, Format Version 11.00
# Visual Studio 2010
Project("{FAE04EC0-301F-11D3-BF4B-00C04F79EFBC}") = "TestDriver", "TestDriver\TestDriver.csproj", "{466A8BB9-D979-4FFF-A708-4E7C4D7BB9CF}"
EndProject
Project("{FAE04EC0-301F-11D3-BF4B-00C04F79EFBC}") = "SeleniumDriver", "SeleniumDriver\SeleniumDriver.csproj", "{78DCA1E3-459B-4E44-A826-C04BE1A06BCC}"
EndProject
Project("{FAE04EC0-301F-11D3-BF4B-00C04F79EFBC}") = "Reporting", "Reporting\Reporting.csproj", "{2208DD8A-2A69-45B7-AAE4-11903EE0385E}"
EndProject
Project("{FAE04EC0-301F-11D3-BF4B-00C04F79EFBC}") = "TestManager", "TestManager\TestManager.csproj", "{D0814201-BAA6-4805-8537-2623C3021ADC}"
EndProject
Project("{FAE04EC0-301F-11D3-BF4B-00C04F79EFBC}") = "TMQC", "TMQC\TMQC.csproj", "{4D72302C-1C60-4E98-8971-3199CFDC7C79}"
EndProject
Project("{FAE04EC0-301F-11D3-BF4B-00C04F79EFBC}") = "VSTM", "VSTM\VSTM.csproj", "{E99F92A1-DE89-46BC-81A4-34F7EE725136}"
EndProject
Project("{FAE04EC0-301F-11D3-BF4B-00C04F79EFBC}") = "KryptonParallelRecovery", "KryptonParallelRecovery\KryptonParallelRecovery.csproj", "{F27C4E89-CCD5-4AC6-B193-AAC4005DD8C8}"
EndProject
Project("{FAE04EC0-301F-11D3-BF4B-00C04F79EFBC}") = "KryptonCreateReport", "KryptonCreateReport\KryptonCreateReport.csproj", "{6EA8D7E1-4592-4CAA-A920-851E369704C4}"
EndProject
Project("{FAE04EC0-301F-11D3-BF4B-00C04F79EFBC}") = "Krypton", "Krypton\Krypton.csproj", "{35465970-A171-4799-8D44-46A6BC05B999}"
EndProject
Project("{FAE04EC0-301F-11D3-BF4B-00C04F79EFBC}") = "Common", "Common\Common.csproj", "{B49316E7-E015-4EDC-907C-B7375658D134}"
EndProject
Project("{2150E333-8FDC-42A3-9474-1A3956D46DE8}") = "Dlls", "Dlls", "{89DAA1CD-E424-4161-A7BC-7B5C71CA6F19}"
	ProjectSection(SolutionItems) = preProject
		Dlls\appium-dotnet-driver.dll = Dlls\appium-dotnet-driver.dll
		Dlls\ClosedXML.dll = Dlls\ClosedXML.dll
		Dlls\ControllerLibrary.dll = Dlls\ControllerLibrary.dll
		Dlls\CsQuery.dll = Dlls\CsQuery.dll
		Dlls\Excel.dll = Dlls\Excel.dll
		Dlls\ExcelReader.dll = Dlls\ExcelReader.dll
		Dlls\Gallio.dll = Dlls\Gallio.dll
		Dlls\Gallio40.dll = Dlls\Gallio40.dll
		Dlls\GenericParsing.dll = Dlls\GenericParsing.dll
		Dlls\ICSharpCode.SharpZipLib.dll = Dlls\ICSharpCode.SharpZipLib.dll
		Dlls\Interop.ADODB.dll = Dlls\Interop.ADODB.dll
		Dlls\Interop.CDO.dll = Dlls\Interop.CDO.dll
		Dlls\Interop.TDAPIOLELib.dll = Dlls\Interop.TDAPIOLELib.dll
		Dlls\Ionic.Zip.dll = Dlls\Ionic.Zip.dll
		Dlls\MbUnit.dll = Dlls\MbUnit.dll
		Dlls\MbUnit40.dll = Dlls\MbUnit40.dll
		Dlls\Microsoft.TeamFoundation.Client.dll = Dlls\Microsoft.TeamFoundation.Client.dll
		Dlls\Microsoft.TeamFoundation.TestManagement.Client.dll = Dlls\Microsoft.TeamFoundation.TestManagement.Client.dll
		Dlls\Microsoft.TeamFoundation.WorkItemTracking.Client.dll = Dlls\Microsoft.TeamFoundation.WorkItemTracking.Client.dll
		Dlls\Newtonsoft.Json.dll = Dlls\Newtonsoft.Json.dll
		Dlls\PreMailer.Net.dll = Dlls\PreMailer.Net.dll
		Dlls\Selenium.WebDriverBackedSelenium.dll = Dlls\Selenium.WebDriverBackedSelenium.dll
		Dlls\ThoughtWorks.Selenium.Core.dll = Dlls\ThoughtWorks.Selenium.Core.dll
		Dlls\WebDriver.dll = Dlls\WebDriver.dll
		Dlls\WebDriver.Support.dll = Dlls\WebDriver.Support.dll
	EndProjectSection
EndProject
Global
	GlobalSection(TestCaseManagementSettings) = postSolution
		CategoryFile = Krypton.vsmdi
	EndGlobalSection
	GlobalSection(SolutionConfigurationPlatforms) = preSolution
		CD_ROM|Any CPU = CD_ROM|Any CPU
		CD_ROM|Mixed Platforms = CD_ROM|Mixed Platforms
		CD_ROM|x86 = CD_ROM|x86
		Debug|Any CPU = Debug|Any CPU
		Debug|Mixed Platforms = Debug|Mixed Platforms
		Debug|x86 = Debug|x86
		DVD-5|Any CPU = DVD-5|Any CPU
		DVD-5|Mixed Platforms = DVD-5|Mixed Platforms
		DVD-5|x86 = DVD-5|x86
		Release|Any CPU = Release|Any CPU
		Release|Mixed Platforms = Release|Mixed Platforms
		Release|x86 = Release|x86
		SingleImage|Any CPU = SingleImage|Any CPU
		SingleImage|Mixed Platforms = SingleImage|Mixed Platforms
		SingleImage|x86 = SingleImage|x86
	EndGlobalSection
	GlobalSection(ProjectConfigurationPlatforms) = postSolution
		{466A8BB9-D979-4FFF-A708-4E7C4D7BB9CF}.CD_ROM|Any CPU.ActiveCfg = Release|Any CPU
		{466A8BB9-D979-4FFF-A708-4E7C4D7BB9CF}.CD_ROM|Any CPU.Build.0 = Release|Any CPU
		{466A8BB9-D979-4FFF-A708-4E7C4D7BB9CF}.CD_ROM|Mixed Platforms.ActiveCfg = Release|Any CPU
		{466A8BB9-D979-4FFF-A708-4E7C4D7BB9CF}.CD_ROM|Mixed Platforms.Build.0 = Release|Any CPU
		{466A8BB9-D979-4FFF-A708-4E7C4D7BB9CF}.CD_ROM|x86.ActiveCfg = Release|Any CPU
		{466A8BB9-D979-4FFF-A708-4E7C4D7BB9CF}.Debug|Any CPU.ActiveCfg = Debug|Any CPU
		{466A8BB9-D979-4FFF-A708-4E7C4D7BB9CF}.Debug|Any CPU.Build.0 = Debug|Any CPU
		{466A8BB9-D979-4FFF-A708-4E7C4D7BB9CF}.Debug|Mixed Platforms.ActiveCfg = Debug|Any CPU
		{466A8BB9-D979-4FFF-A708-4E7C4D7BB9CF}.Debug|Mixed Platforms.Build.0 = Debug|Any CPU
		{466A8BB9-D979-4FFF-A708-4E7C4D7BB9CF}.Debug|x86.ActiveCfg = Debug|Any CPU
		{466A8BB9-D979-4FFF-A708-4E7C4D7BB9CF}.DVD-5|Any CPU.ActiveCfg = Debug|Any CPU
		{466A8BB9-D979-4FFF-A708-4E7C4D7BB9CF}.DVD-5|Any CPU.Build.0 = Debug|Any CPU
		{466A8BB9-D979-4FFF-A708-4E7C4D7BB9CF}.DVD-5|Mixed Platforms.ActiveCfg = Debug|Any CPU
		{466A8BB9-D979-4FFF-A708-4E7C4D7BB9CF}.DVD-5|Mixed Platforms.Build.0 = Debug|Any CPU
		{466A8BB9-D979-4FFF-A708-4E7C4D7BB9CF}.DVD-5|x86.ActiveCfg = Debug|Any CPU
		{466A8BB9-D979-4FFF-A708-4E7C4D7BB9CF}.Release|Any CPU.ActiveCfg = Release|Any CPU
		{466A8BB9-D979-4FFF-A708-4E7C4D7BB9CF}.Release|Any CPU.Build.0 = Release|Any CPU
		{466A8BB9-D979-4FFF-A708-4E7C4D7BB9CF}.Release|Mixed Platforms.ActiveCfg = Release|Any CPU
		{466A8BB9-D979-4FFF-A708-4E7C4D7BB9CF}.Release|Mixed Platforms.Build.0 = Release|Any CPU
		{466A8BB9-D979-4FFF-A708-4E7C4D7BB9CF}.Release|x86.ActiveCfg = Release|Any CPU
		{466A8BB9-D979-4FFF-A708-4E7C4D7BB9CF}.SingleImage|Any CPU.ActiveCfg = Release|Any CPU
		{466A8BB9-D979-4FFF-A708-4E7C4D7BB9CF}.SingleImage|Any CPU.Build.0 = Release|Any CPU
		{466A8BB9-D979-4FFF-A708-4E7C4D7BB9CF}.SingleImage|Mixed Platforms.ActiveCfg = Release|Any CPU
		{466A8BB9-D979-4FFF-A708-4E7C4D7BB9CF}.SingleImage|Mixed Platforms.Build.0 = Release|Any CPU
		{466A8BB9-D979-4FFF-A708-4E7C4D7BB9CF}.SingleImage|x86.ActiveCfg = Release|Any CPU
		{78DCA1E3-459B-4E44-A826-C04BE1A06BCC}.CD_ROM|Any CPU.ActiveCfg = Release|Any CPU
		{78DCA1E3-459B-4E44-A826-C04BE1A06BCC}.CD_ROM|Any CPU.Build.0 = Release|Any CPU
		{78DCA1E3-459B-4E44-A826-C04BE1A06BCC}.CD_ROM|Mixed Platforms.ActiveCfg = Release|Any CPU
		{78DCA1E3-459B-4E44-A826-C04BE1A06BCC}.CD_ROM|Mixed Platforms.Build.0 = Release|Any CPU
		{78DCA1E3-459B-4E44-A826-C04BE1A06BCC}.CD_ROM|x86.ActiveCfg = Release|Any CPU
		{78DCA1E3-459B-4E44-A826-C04BE1A06BCC}.Debug|Any CPU.ActiveCfg = Debug|Any CPU
		{78DCA1E3-459B-4E44-A826-C04BE1A06BCC}.Debug|Any CPU.Build.0 = Debug|Any CPU
		{78DCA1E3-459B-4E44-A826-C04BE1A06BCC}.Debug|Mixed Platforms.ActiveCfg = Debug|Any CPU
		{78DCA1E3-459B-4E44-A826-C04BE1A06BCC}.Debug|Mixed Platforms.Build.0 = Debug|Any CPU
		{78DCA1E3-459B-4E44-A826-C04BE1A06BCC}.Debug|x86.ActiveCfg = Debug|Any CPU
		{78DCA1E3-459B-4E44-A826-C04BE1A06BCC}.DVD-5|Any CPU.ActiveCfg = Debug|Any CPU
		{78DCA1E3-459B-4E44-A826-C04BE1A06BCC}.DVD-5|Any CPU.Build.0 = Debug|Any CPU
		{78DCA1E3-459B-4E44-A826-C04BE1A06BCC}.DVD-5|Mixed Platforms.ActiveCfg = Debug|Any CPU
		{78DCA1E3-459B-4E44-A826-C04BE1A06BCC}.DVD-5|Mixed Platforms.Build.0 = Debug|Any CPU
		{78DCA1E3-459B-4E44-A826-C04BE1A06BCC}.DVD-5|x86.ActiveCfg = Debug|Any CPU
		{78DCA1E3-459B-4E44-A826-C04BE1A06BCC}.Release|Any CPU.ActiveCfg = Release|Any CPU
		{78DCA1E3-459B-4E44-A826-C04BE1A06BCC}.Release|Any CPU.Build.0 = Release|Any CPU
		{78DCA1E3-459B-4E44-A826-C04BE1A06BCC}.Release|Mixed Platforms.ActiveCfg = Release|Any CPU
		{78DCA1E3-459B-4E44-A826-C04BE1A06BCC}.Release|Mixed Platforms.Build.0 = Release|Any CPU
		{78DCA1E3-459B-4E44-A826-C04BE1A06BCC}.Release|x86.ActiveCfg = Release|Any CPU
		{78DCA1E3-459B-4E44-A826-C04BE1A06BCC}.SingleImage|Any CPU.ActiveCfg = Release|Any CPU
		{78DCA1E3-459B-4E44-A826-C04BE1A06BCC}.SingleImage|Any CPU.Build.0 = Release|Any CPU
		{78DCA1E3-459B-4E44-A826-C04BE1A06BCC}.SingleImage|Mixed Platforms.ActiveCfg = Release|Any CPU
		{78DCA1E3-459B-4E44-A826-C04BE1A06BCC}.SingleImage|Mixed Platforms.Build.0 = Release|Any CPU
		{78DCA1E3-459B-4E44-A826-C04BE1A06BCC}.SingleImage|x86.ActiveCfg = Release|Any CPU
		{2208DD8A-2A69-45B7-AAE4-11903EE0385E}.CD_ROM|Any CPU.ActiveCfg = Release|Any CPU
		{2208DD8A-2A69-45B7-AAE4-11903EE0385E}.CD_ROM|Any CPU.Build.0 = Release|Any CPU
		{2208DD8A-2A69-45B7-AAE4-11903EE0385E}.CD_ROM|Mixed Platforms.ActiveCfg = Release|Any CPU
		{2208DD8A-2A69-45B7-AAE4-11903EE0385E}.CD_ROM|Mixed Platforms.Build.0 = Release|Any CPU
		{2208DD8A-2A69-45B7-AAE4-11903EE0385E}.CD_ROM|x86.ActiveCfg = Release|Any CPU
		{2208DD8A-2A69-45B7-AAE4-11903EE0385E}.Debug|Any CPU.ActiveCfg = Debug|Any CPU
		{2208DD8A-2A69-45B7-AAE4-11903EE0385E}.Debug|Any CPU.Build.0 = Debug|Any CPU
		{2208DD8A-2A69-45B7-AAE4-11903EE0385E}.Debug|Mixed Platforms.ActiveCfg = Debug|Any CPU
		{2208DD8A-2A69-45B7-AAE4-11903EE0385E}.Debug|Mixed Platforms.Build.0 = Debug|Any CPU
		{2208DD8A-2A69-45B7-AAE4-11903EE0385E}.Debug|x86.ActiveCfg = Debug|Any CPU
		{2208DD8A-2A69-45B7-AAE4-11903EE0385E}.DVD-5|Any CPU.ActiveCfg = Debug|Any CPU
		{2208DD8A-2A69-45B7-AAE4-11903EE0385E}.DVD-5|Any CPU.Build.0 = Debug|Any CPU
		{2208DD8A-2A69-45B7-AAE4-11903EE0385E}.DVD-5|Mixed Platforms.ActiveCfg = Debug|Any CPU
		{2208DD8A-2A69-45B7-AAE4-11903EE0385E}.DVD-5|Mixed Platforms.Build.0 = Debug|Any CPU
		{2208DD8A-2A69-45B7-AAE4-11903EE0385E}.DVD-5|x86.ActiveCfg = Debug|Any CPU
		{2208DD8A-2A69-45B7-AAE4-11903EE0385E}.Release|Any CPU.ActiveCfg = Release|Any CPU
		{2208DD8A-2A69-45B7-AAE4-11903EE0385E}.Release|Any CPU.Build.0 = Release|Any CPU
		{2208DD8A-2A69-45B7-AAE4-11903EE0385E}.Release|Mixed Platforms.ActiveCfg = Release|Any CPU
		{2208DD8A-2A69-45B7-AAE4-11903EE0385E}.Release|Mixed Platforms.Build.0 = Release|Any CPU
		{2208DD8A-2A69-45B7-AAE4-11903EE0385E}.Release|x86.ActiveCfg = Release|Any CPU
		{2208DD8A-2A69-45B7-AAE4-11903EE0385E}.SingleImage|Any CPU.ActiveCfg = Release|Any CPU
		{2208DD8A-2A69-45B7-AAE4-11903EE0385E}.SingleImage|Any CPU.Build.0 = Release|Any CPU
		{2208DD8A-2A69-45B7-AAE4-11903EE0385E}.SingleImage|Mixed Platforms.ActiveCfg = Release|Any CPU
		{2208DD8A-2A69-45B7-AAE4-11903EE0385E}.SingleImage|Mixed Platforms.Build.0 = Release|Any CPU
		{2208DD8A-2A69-45B7-AAE4-11903EE0385E}.SingleImage|x86.ActiveCfg = Release|Any CPU
		{D0814201-BAA6-4805-8537-2623C3021ADC}.CD_ROM|Any CPU.ActiveCfg = Release|Any CPU
		{D0814201-BAA6-4805-8537-2623C3021ADC}.CD_ROM|Any CPU.Build.0 = Release|Any CPU
		{D0814201-BAA6-4805-8537-2623C3021ADC}.CD_ROM|Mixed Platforms.ActiveCfg = Release|Any CPU
		{D0814201-BAA6-4805-8537-2623C3021ADC}.CD_ROM|Mixed Platforms.Build.0 = Release|Any CPU
		{D0814201-BAA6-4805-8537-2623C3021ADC}.CD_ROM|x86.ActiveCfg = Release|Any CPU
		{D0814201-BAA6-4805-8537-2623C3021ADC}.Debug|Any CPU.ActiveCfg = Debug|Any CPU
		{D0814201-BAA6-4805-8537-2623C3021ADC}.Debug|Any CPU.Build.0 = Debug|Any CPU
		{D0814201-BAA6-4805-8537-2623C3021ADC}.Debug|Mixed Platforms.ActiveCfg = Debug|Any CPU
		{D0814201-BAA6-4805-8537-2623C3021ADC}.Debug|Mixed Platforms.Build.0 = Debug|Any CPU
		{D0814201-BAA6-4805-8537-2623C3021ADC}.Debug|x86.ActiveCfg = Debug|Any CPU
		{D0814201-BAA6-4805-8537-2623C3021ADC}.DVD-5|Any CPU.ActiveCfg = Debug|Any CPU
		{D0814201-BAA6-4805-8537-2623C3021ADC}.DVD-5|Any CPU.Build.0 = Debug|Any CPU
		{D0814201-BAA6-4805-8537-2623C3021ADC}.DVD-5|Mixed Platforms.ActiveCfg = Debug|Any CPU
		{D0814201-BAA6-4805-8537-2623C3021ADC}.DVD-5|Mixed Platforms.Build.0 = Debug|Any CPU
		{D0814201-BAA6-4805-8537-2623C3021ADC}.DVD-5|x86.ActiveCfg = Debug|Any CPU
		{D0814201-BAA6-4805-8537-2623C3021ADC}.Release|Any CPU.ActiveCfg = Release|Any CPU
		{D0814201-BAA6-4805-8537-2623C3021ADC}.Release|Any CPU.Build.0 = Release|Any CPU
		{D0814201-BAA6-4805-8537-2623C3021ADC}.Release|Mixed Platforms.ActiveCfg = Release|Any CPU
		{D0814201-BAA6-4805-8537-2623C3021ADC}.Release|Mixed Platforms.Build.0 = Release|Any CPU
		{D0814201-BAA6-4805-8537-2623C3021ADC}.Release|x86.ActiveCfg = Release|Any CPU
		{D0814201-BAA6-4805-8537-2623C3021ADC}.SingleImage|Any CPU.ActiveCfg = Release|Any CPU
		{D0814201-BAA6-4805-8537-2623C3021ADC}.SingleImage|Any CPU.Build.0 = Release|Any CPU
		{D0814201-BAA6-4805-8537-2623C3021ADC}.SingleImage|Mixed Platforms.ActiveCfg = Release|Any CPU
		{D0814201-BAA6-4805-8537-2623C3021ADC}.SingleImage|Mixed Platforms.Build.0 = Release|Any CPU
		{D0814201-BAA6-4805-8537-2623C3021ADC}.SingleImage|x86.ActiveCfg = Release|Any CPU
		{4D72302C-1C60-4E98-8971-3199CFDC7C79}.CD_ROM|Any CPU.ActiveCfg = Release|Any CPU
		{4D72302C-1C60-4E98-8971-3199CFDC7C79}.CD_ROM|Any CPU.Build.0 = Release|Any CPU
		{4D72302C-1C60-4E98-8971-3199CFDC7C79}.CD_ROM|Mixed Platforms.ActiveCfg = Release|Any CPU
		{4D72302C-1C60-4E98-8971-3199CFDC7C79}.CD_ROM|Mixed Platforms.Build.0 = Release|Any CPU
		{4D72302C-1C60-4E98-8971-3199CFDC7C79}.CD_ROM|x86.ActiveCfg = Release|Any CPU
		{4D72302C-1C60-4E98-8971-3199CFDC7C79}.Debug|Any CPU.ActiveCfg = Debug|Any CPU
		{4D72302C-1C60-4E98-8971-3199CFDC7C79}.Debug|Any CPU.Build.0 = Debug|Any CPU
		{4D72302C-1C60-4E98-8971-3199CFDC7C79}.Debug|Mixed Platforms.ActiveCfg = Debug|Any CPU
		{4D72302C-1C60-4E98-8971-3199CFDC7C79}.Debug|Mixed Platforms.Build.0 = Debug|Any CPU
		{4D72302C-1C60-4E98-8971-3199CFDC7C79}.Debug|x86.ActiveCfg = Debug|Any CPU
		{4D72302C-1C60-4E98-8971-3199CFDC7C79}.DVD-5|Any CPU.ActiveCfg = Debug|Any CPU
		{4D72302C-1C60-4E98-8971-3199CFDC7C79}.DVD-5|Any CPU.Build.0 = Debug|Any CPU
		{4D72302C-1C60-4E98-8971-3199CFDC7C79}.DVD-5|Mixed Platforms.ActiveCfg = Debug|Any CPU
		{4D72302C-1C60-4E98-8971-3199CFDC7C79}.DVD-5|Mixed Platforms.Build.0 = Debug|Any CPU
		{4D72302C-1C60-4E98-8971-3199CFDC7C79}.DVD-5|x86.ActiveCfg = Debug|Any CPU
		{4D72302C-1C60-4E98-8971-3199CFDC7C79}.Release|Any CPU.ActiveCfg = Release|Any CPU
		{4D72302C-1C60-4E98-8971-3199CFDC7C79}.Release|Any CPU.Build.0 = Release|Any CPU
		{4D72302C-1C60-4E98-8971-3199CFDC7C79}.Release|Mixed Platforms.ActiveCfg = Release|Any CPU
		{4D72302C-1C60-4E98-8971-3199CFDC7C79}.Release|Mixed Platforms.Build.0 = Release|Any CPU
		{4D72302C-1C60-4E98-8971-3199CFDC7C79}.Release|x86.ActiveCfg = Release|Any CPU
		{4D72302C-1C60-4E98-8971-3199CFDC7C79}.SingleImage|Any CPU.ActiveCfg = Release|Any CPU
		{4D72302C-1C60-4E98-8971-3199CFDC7C79}.SingleImage|Any CPU.Build.0 = Release|Any CPU
		{4D72302C-1C60-4E98-8971-3199CFDC7C79}.SingleImage|Mixed Platforms.ActiveCfg = Release|Any CPU
		{4D72302C-1C60-4E98-8971-3199CFDC7C79}.SingleImage|Mixed Platforms.Build.0 = Release|Any CPU
		{4D72302C-1C60-4E98-8971-3199CFDC7C79}.SingleImage|x86.ActiveCfg = Release|Any CPU
		{E99F92A1-DE89-46BC-81A4-34F7EE725136}.CD_ROM|Any CPU.ActiveCfg = Release|Any CPU
		{E99F92A1-DE89-46BC-81A4-34F7EE725136}.CD_ROM|Any CPU.Build.0 = Release|Any CPU
		{E99F92A1-DE89-46BC-81A4-34F7EE725136}.CD_ROM|Mixed Platforms.ActiveCfg = Release|Any CPU
		{E99F92A1-DE89-46BC-81A4-34F7EE725136}.CD_ROM|Mixed Platforms.Build.0 = Release|Any CPU
		{E99F92A1-DE89-46BC-81A4-34F7EE725136}.CD_ROM|x86.ActiveCfg = Release|Any CPU
		{E99F92A1-DE89-46BC-81A4-34F7EE725136}.Debug|Any CPU.ActiveCfg = Debug|Any CPU
		{E99F92A1-DE89-46BC-81A4-34F7EE725136}.Debug|Any CPU.Build.0 = Debug|Any CPU
		{E99F92A1-DE89-46BC-81A4-34F7EE725136}.Debug|Mixed Platforms.ActiveCfg = Debug|Any CPU
		{E99F92A1-DE89-46BC-81A4-34F7EE725136}.Debug|Mixed Platforms.Build.0 = Debug|Any CPU
		{E99F92A1-DE89-46BC-81A4-34F7EE725136}.Debug|x86.ActiveCfg = Debug|Any CPU
		{E99F92A1-DE89-46BC-81A4-34F7EE725136}.DVD-5|Any CPU.ActiveCfg = Debug|Any CPU
		{E99F92A1-DE89-46BC-81A4-34F7EE725136}.DVD-5|Any CPU.Build.0 = Debug|Any CPU
		{E99F92A1-DE89-46BC-81A4-34F7EE725136}.DVD-5|Mixed Platforms.ActiveCfg = Debug|Any CPU
		{E99F92A1-DE89-46BC-81A4-34F7EE725136}.DVD-5|Mixed Platforms.Build.0 = Debug|Any CPU
		{E99F92A1-DE89-46BC-81A4-34F7EE725136}.DVD-5|x86.ActiveCfg = Debug|Any CPU
		{E99F92A1-DE89-46BC-81A4-34F7EE725136}.Release|Any CPU.ActiveCfg = Release|Any CPU
		{E99F92A1-DE89-46BC-81A4-34F7EE725136}.Release|Any CPU.Build.0 = Release|Any CPU
		{E99F92A1-DE89-46BC-81A4-34F7EE725136}.Release|Mixed Platforms.ActiveCfg = Release|Any CPU
		{E99F92A1-DE89-46BC-81A4-34F7EE725136}.Release|Mixed Platforms.Build.0 = Release|Any CPU
		{E99F92A1-DE89-46BC-81A4-34F7EE725136}.Release|x86.ActiveCfg = Release|Any CPU
		{E99F92A1-DE89-46BC-81A4-34F7EE725136}.SingleImage|Any CPU.ActiveCfg = Release|Any CPU
		{E99F92A1-DE89-46BC-81A4-34F7EE725136}.SingleImage|Any CPU.Build.0 = Release|Any CPU
		{E99F92A1-DE89-46BC-81A4-34F7EE725136}.SingleImage|Mixed Platforms.ActiveCfg = Release|Any CPU
		{E99F92A1-DE89-46BC-81A4-34F7EE725136}.SingleImage|Mixed Platforms.Build.0 = Release|Any CPU
		{E99F92A1-DE89-46BC-81A4-34F7EE725136}.SingleImage|x86.ActiveCfg = Release|Any CPU
		{F27C4E89-CCD5-4AC6-B193-AAC4005DD8C8}.CD_ROM|Any CPU.ActiveCfg = Release|Any CPU
		{F27C4E89-CCD5-4AC6-B193-AAC4005DD8C8}.CD_ROM|Any CPU.Build.0 = Release|Any CPU
		{F27C4E89-CCD5-4AC6-B193-AAC4005DD8C8}.CD_ROM|Mixed Platforms.ActiveCfg = Release|Any CPU
		{F27C4E89-CCD5-4AC6-B193-AAC4005DD8C8}.CD_ROM|Mixed Platforms.Build.0 = Release|Any CPU
		{F27C4E89-CCD5-4AC6-B193-AAC4005DD8C8}.CD_ROM|x86.ActiveCfg = Release|Any CPU
		{F27C4E89-CCD5-4AC6-B193-AAC4005DD8C8}.Debug|Any CPU.ActiveCfg = Debug|Any CPU
		{F27C4E89-CCD5-4AC6-B193-AAC4005DD8C8}.Debug|Any CPU.Build.0 = Debug|Any CPU
		{F27C4E89-CCD5-4AC6-B193-AAC4005DD8C8}.Debug|Mixed Platforms.ActiveCfg = Debug|Any CPU
		{F27C4E89-CCD5-4AC6-B193-AAC4005DD8C8}.Debug|Mixed Platforms.Build.0 = Debug|Any CPU
		{F27C4E89-CCD5-4AC6-B193-AAC4005DD8C8}.Debug|x86.ActiveCfg = Debug|x86
		{F27C4E89-CCD5-4AC6-B193-AAC4005DD8C8}.Debug|x86.Build.0 = Debug|x86
		{F27C4E89-CCD5-4AC6-B193-AAC4005DD8C8}.DVD-5|Any CPU.ActiveCfg = Debug|Any CPU
		{F27C4E89-CCD5-4AC6-B193-AAC4005DD8C8}.DVD-5|Any CPU.Build.0 = Debug|Any CPU
		{F27C4E89-CCD5-4AC6-B193-AAC4005DD8C8}.DVD-5|Mixed Platforms.ActiveCfg = Debug|Any CPU
		{F27C4E89-CCD5-4AC6-B193-AAC4005DD8C8}.DVD-5|Mixed Platforms.Build.0 = Debug|Any CPU
		{F27C4E89-CCD5-4AC6-B193-AAC4005DD8C8}.DVD-5|x86.ActiveCfg = Debug|Any CPU
		{F27C4E89-CCD5-4AC6-B193-AAC4005DD8C8}.Release|Any CPU.ActiveCfg = Release|Any CPU
		{F27C4E89-CCD5-4AC6-B193-AAC4005DD8C8}.Release|Any CPU.Build.0 = Release|Any CPU
		{F27C4E89-CCD5-4AC6-B193-AAC4005DD8C8}.Release|Mixed Platforms.ActiveCfg = Release|Any CPU
		{F27C4E89-CCD5-4AC6-B193-AAC4005DD8C8}.Release|Mixed Platforms.Build.0 = Release|Any CPU
		{F27C4E89-CCD5-4AC6-B193-AAC4005DD8C8}.Release|x86.ActiveCfg = Release|x86
		{F27C4E89-CCD5-4AC6-B193-AAC4005DD8C8}.Release|x86.Build.0 = Release|x86
		{F27C4E89-CCD5-4AC6-B193-AAC4005DD8C8}.SingleImage|Any CPU.ActiveCfg = Release|Any CPU
		{F27C4E89-CCD5-4AC6-B193-AAC4005DD8C8}.SingleImage|Any CPU.Build.0 = Release|Any CPU
		{F27C4E89-CCD5-4AC6-B193-AAC4005DD8C8}.SingleImage|Mixed Platforms.ActiveCfg = Release|Any CPU
		{F27C4E89-CCD5-4AC6-B193-AAC4005DD8C8}.SingleImage|Mixed Platforms.Build.0 = Release|Any CPU
		{F27C4E89-CCD5-4AC6-B193-AAC4005DD8C8}.SingleImage|x86.ActiveCfg = Release|Any CPU
		{6EA8D7E1-4592-4CAA-A920-851E369704C4}.CD_ROM|Any CPU.ActiveCfg = Release|Any CPU
		{6EA8D7E1-4592-4CAA-A920-851E369704C4}.CD_ROM|Any CPU.Build.0 = Release|Any CPU
		{6EA8D7E1-4592-4CAA-A920-851E369704C4}.CD_ROM|Mixed Platforms.ActiveCfg = Release|Any CPU
		{6EA8D7E1-4592-4CAA-A920-851E369704C4}.CD_ROM|Mixed Platforms.Build.0 = Release|Any CPU
		{6EA8D7E1-4592-4CAA-A920-851E369704C4}.CD_ROM|x86.ActiveCfg = Release|Any CPU
		{6EA8D7E1-4592-4CAA-A920-851E369704C4}.Debug|Any CPU.ActiveCfg = Debug|Any CPU
		{6EA8D7E1-4592-4CAA-A920-851E369704C4}.Debug|Any CPU.Build.0 = Debug|Any CPU
		{6EA8D7E1-4592-4CAA-A920-851E369704C4}.Debug|Mixed Platforms.ActiveCfg = Debug|Any CPU
		{6EA8D7E1-4592-4CAA-A920-851E369704C4}.Debug|Mixed Platforms.Build.0 = Debug|Any CPU
		{6EA8D7E1-4592-4CAA-A920-851E369704C4}.Debug|x86.ActiveCfg = Debug|x86
		{6EA8D7E1-4592-4CAA-A920-851E369704C4}.Debug|x86.Build.0 = Debug|x86
		{6EA8D7E1-4592-4CAA-A920-851E369704C4}.DVD-5|Any CPU.ActiveCfg = Debug|Any CPU
		{6EA8D7E1-4592-4CAA-A920-851E369704C4}.DVD-5|Any CPU.Build.0 = Debug|Any CPU
		{6EA8D7E1-4592-4CAA-A920-851E369704C4}.DVD-5|Mixed Platforms.ActiveCfg = Debug|Any CPU
		{6EA8D7E1-4592-4CAA-A920-851E369704C4}.DVD-5|Mixed Platforms.Build.0 = Debug|Any CPU
		{6EA8D7E1-4592-4CAA-A920-851E369704C4}.DVD-5|x86.ActiveCfg = Debug|Any CPU
		{6EA8D7E1-4592-4CAA-A920-851E369704C4}.Release|Any CPU.ActiveCfg = Release|Any CPU
		{6EA8D7E1-4592-4CAA-A920-851E369704C4}.Release|Any CPU.Build.0 = Release|Any CPU
		{6EA8D7E1-4592-4CAA-A920-851E369704C4}.Release|Mixed Platforms.ActiveCfg = Release|Any CPU
		{6EA8D7E1-4592-4CAA-A920-851E369704C4}.Release|Mixed Platforms.Build.0 = Release|Any CPU
		{6EA8D7E1-4592-4CAA-A920-851E369704C4}.Release|x86.ActiveCfg = Release|x86
		{6EA8D7E1-4592-4CAA-A920-851E369704C4}.Release|x86.Build.0 = Release|x86
		{6EA8D7E1-4592-4CAA-A920-851E369704C4}.SingleImage|Any CPU.ActiveCfg = Release|Any CPU
		{6EA8D7E1-4592-4CAA-A920-851E369704C4}.SingleImage|Any CPU.Build.0 = Release|Any CPU
		{6EA8D7E1-4592-4CAA-A920-851E369704C4}.SingleImage|Mixed Platforms.ActiveCfg = Release|Any CPU
		{6EA8D7E1-4592-4CAA-A920-851E369704C4}.SingleImage|Mixed Platforms.Build.0 = Release|Any CPU
		{6EA8D7E1-4592-4CAA-A920-851E369704C4}.SingleImage|x86.ActiveCfg = Release|Any CPU
		{35465970-A171-4799-8D44-46A6BC05B999}.CD_ROM|Any CPU.ActiveCfg = Release|Any CPU
		{35465970-A171-4799-8D44-46A6BC05B999}.CD_ROM|Any CPU.Build.0 = Release|Any CPU
		{35465970-A171-4799-8D44-46A6BC05B999}.CD_ROM|Mixed Platforms.ActiveCfg = Release|Any CPU
		{35465970-A171-4799-8D44-46A6BC05B999}.CD_ROM|Mixed Platforms.Build.0 = Release|Any CPU
		{35465970-A171-4799-8D44-46A6BC05B999}.CD_ROM|x86.ActiveCfg = Release|Any CPU
		{35465970-A171-4799-8D44-46A6BC05B999}.Debug|Any CPU.ActiveCfg = Debug|Any CPU
		{35465970-A171-4799-8D44-46A6BC05B999}.Debug|Any CPU.Build.0 = Debug|Any CPU
		{35465970-A171-4799-8D44-46A6BC05B999}.Debug|Mixed Platforms.ActiveCfg = Debug|Any CPU
		{35465970-A171-4799-8D44-46A6BC05B999}.Debug|Mixed Platforms.Build.0 = Debug|Any CPU
		{35465970-A171-4799-8D44-46A6BC05B999}.Debug|x86.ActiveCfg = Debug|x86
		{35465970-A171-4799-8D44-46A6BC05B999}.Debug|x86.Build.0 = Debug|x86
		{35465970-A171-4799-8D44-46A6BC05B999}.DVD-5|Any CPU.ActiveCfg = Debug|Any CPU
		{35465970-A171-4799-8D44-46A6BC05B999}.DVD-5|Any CPU.Build.0 = Debug|Any CPU
		{35465970-A171-4799-8D44-46A6BC05B999}.DVD-5|Mixed Platforms.ActiveCfg = Debug|Any CPU
		{35465970-A171-4799-8D44-46A6BC05B999}.DVD-5|Mixed Platforms.Build.0 = Debug|Any CPU
		{35465970-A171-4799-8D44-46A6BC05B999}.DVD-5|x86.ActiveCfg = Debug|Any CPU
		{35465970-A171-4799-8D44-46A6BC05B999}.Release|Any CPU.ActiveCfg = Release|Any CPU
		{35465970-A171-4799-8D44-46A6BC05B999}.Release|Any CPU.Build.0 = Release|Any CPU
		{35465970-A171-4799-8D44-46A6BC05B999}.Release|Mixed Platforms.ActiveCfg = Release|Any CPU
		{35465970-A171-4799-8D44-46A6BC05B999}.Release|Mixed Platforms.Build.0 = Release|Any CPU
		{35465970-A171-4799-8D44-46A6BC05B999}.Release|x86.ActiveCfg = Release|x86
		{35465970-A171-4799-8D44-46A6BC05B999}.Release|x86.Build.0 = Release|x86
		{35465970-A171-4799-8D44-46A6BC05B999}.SingleImage|Any CPU.ActiveCfg = Release|Any CPU
		{35465970-A171-4799-8D44-46A6BC05B999}.SingleImage|Any CPU.Build.0 = Release|Any CPU
		{35465970-A171-4799-8D44-46A6BC05B999}.SingleImage|Mixed Platforms.ActiveCfg = Release|Any CPU
		{35465970-A171-4799-8D44-46A6BC05B999}.SingleImage|Mixed Platforms.Build.0 = Release|Any CPU
		{35465970-A171-4799-8D44-46A6BC05B999}.SingleImage|x86.ActiveCfg = Release|Any CPU
		{B49316E7-E015-4EDC-907C-B7375658D134}.CD_ROM|Any CPU.ActiveCfg = Release|Any CPU
		{B49316E7-E015-4EDC-907C-B7375658D134}.CD_ROM|Any CPU.Build.0 = Release|Any CPU
		{B49316E7-E015-4EDC-907C-B7375658D134}.CD_ROM|Mixed Platforms.ActiveCfg = Release|Any CPU
		{B49316E7-E015-4EDC-907C-B7375658D134}.CD_ROM|Mixed Platforms.Build.0 = Release|Any CPU
		{B49316E7-E015-4EDC-907C-B7375658D134}.CD_ROM|x86.ActiveCfg = Release|Any CPU
		{B49316E7-E015-4EDC-907C-B7375658D134}.Debug|Any CPU.ActiveCfg = Debug|Any CPU
		{B49316E7-E015-4EDC-907C-B7375658D134}.Debug|Any CPU.Build.0 = Debug|Any CPU
		{B49316E7-E015-4EDC-907C-B7375658D134}.Debug|Mixed Platforms.ActiveCfg = Debug|Any CPU
		{B49316E7-E015-4EDC-907C-B7375658D134}.Debug|Mixed Platforms.Build.0 = Debug|Any CPU
		{B49316E7-E015-4EDC-907C-B7375658D134}.Debug|x86.ActiveCfg = Debug|Any CPU
		{B49316E7-E015-4EDC-907C-B7375658D134}.DVD-5|Any CPU.ActiveCfg = Debug|Any CPU
		{B49316E7-E015-4EDC-907C-B7375658D134}.DVD-5|Any CPU.Build.0 = Debug|Any CPU
		{B49316E7-E015-4EDC-907C-B7375658D134}.DVD-5|Mixed Platforms.ActiveCfg = Debug|Any CPU
		{B49316E7-E015-4EDC-907C-B7375658D134}.DVD-5|Mixed Platforms.Build.0 = Debug|Any CPU
		{B49316E7-E015-4EDC-907C-B7375658D134}.DVD-5|x86.ActiveCfg = Debug|Any CPU
		{B49316E7-E015-4EDC-907C-B7375658D134}.Release|Any CPU.ActiveCfg = Release|Any CPU
		{B49316E7-E015-4EDC-907C-B7375658D134}.Release|Any CPU.Build.0 = Release|Any CPU
		{B49316E7-E015-4EDC-907C-B7375658D134}.Release|Mixed Platforms.ActiveCfg = Release|Any CPU
		{B49316E7-E015-4EDC-907C-B7375658D134}.Release|Mixed Platforms.Build.0 = Release|Any CPU
		{B49316E7-E015-4EDC-907C-B7375658D134}.Release|x86.ActiveCfg = Release|Any CPU
		{B49316E7-E015-4EDC-907C-B7375658D134}.SingleImage|Any CPU.ActiveCfg = Release|Any CPU
		{B49316E7-E015-4EDC-907C-B7375658D134}.SingleImage|Any CPU.Build.0 = Release|Any CPU
		{B49316E7-E015-4EDC-907C-B7375658D134}.SingleImage|Mixed Platforms.ActiveCfg = Release|Any CPU
		{B49316E7-E015-4EDC-907C-B7375658D134}.SingleImage|Mixed Platforms.Build.0 = Release|Any CPU
		{B49316E7-E015-4EDC-907C-B7375658D134}.SingleImage|x86.ActiveCfg = Release|Any CPU
	EndGlobalSection
	GlobalSection(SolutionProperties) = preSolution
		HideSolutionNode = FALSE
	EndGlobalSection
EndGlobal
